
Microsoft Visual Studio Solution File, Format Version 12.00
# Visual Studio Version 17
VisualStudioVersion = 17.7.34024.191
MinimumVisualStudioVersion = 10.0.40219.1
Project("{FAE04EC0-301F-11D3-BF4B-00C04F79EFBC}") = "PersonnelDepartment", "PersonnelDepartment.csproj", "{68B9321E-8C8D-4202-958D-5001DD445E71}"
EndProject
Global
	GlobalSection(SolutionConfigurationPlatforms) = preSolution
		Debug|Any CPU = Debug|Any CPU
		Release|Any CPU = Release|Any CPU
	EndGlobalSection
	GlobalSection(ProjectConfigurationPlatforms) = postSolution
		{68B9321E-8C8D-4202-958D-5001DD445E71}.Debug|Any CPU.ActiveCfg = Debug|Any CPU
		{68B9321E-8C8D-4202-958D-5001DD445E71}.Debug|Any CPU.Build.0 = Debug|Any CPU
		{68B9321E-8C8D-4202-958D-5001DD445E71}.Release|Any CPU.ActiveCfg = Release|Any CPU
		{68B9321E-8C8D-4202-958D-5001DD445E71}.Release|Any CPU.Build.0 = Release|Any CPU
	EndGlobalSection
	GlobalSection(SolutionProperties) = preSolution
		HideSolutionNode = FALSE
	EndGlobalSection
	GlobalSection(ExtensibilityGlobals) = postSolution
		SolutionGuid = {8E52219F-C1BE-40BF-9E65-008813926F0C}
	EndGlobalSection
EndGlobal
